// !$*UTF8*$!
{
	archiveVersion = 1;
	classes = {
	};
	objectVersion = 56;
	objects = {

/* Begin PBXBuildFile section */
		EF312DA52A1E789E0043C6FA /* iToDoistApp.swift in Sources */ = {isa = PBXBuildFile; fileRef = EF312DA42A1E789E0043C6FA /* iToDoistApp.swift */; };
		EF312DA72A1E789E0043C6FA /* ContentView.swift in Sources */ = {isa = PBXBuildFile; fileRef = EF312DA62A1E789E0043C6FA /* ContentView.swift */; };
		EF312DA92A1E789F0043C6FA /* Assets.xcassets in Resources */ = {isa = PBXBuildFile; fileRef = EF312DA82A1E789F0043C6FA /* Assets.xcassets */; };
		EF312DAC2A1E789F0043C6FA /* Preview Assets.xcassets in Resources */ = {isa = PBXBuildFile; fileRef = EF312DAB2A1E789F0043C6FA /* Preview Assets.xcassets */; };
		EF312DAE2A1E789F0043C6FA /* Persistence.swift in Sources */ = {isa = PBXBuildFile; fileRef = EF312DAD2A1E789F0043C6FA /* Persistence.swift */; };
		EF312DB12A1E789F0043C6FA /* iToDoist.xcdatamodeld in Sources */ = {isa = PBXBuildFile; fileRef = EF312DAF2A1E789F0043C6FA /* iToDoist.xcdatamodeld */; };
		EF312DB82A1E78D30043C6FA /* ToDoListItem.swift in Sources */ = {isa = PBXBuildFile; fileRef = EF312DB72A1E78D30043C6FA /* ToDoListItem.swift */; };
/* End PBXBuildFile section */

/* Begin PBXFileReference section */
		EF312DA12A1E789E0043C6FA /* iToDoist.app */ = {isa = PBXFileReference; explicitFileType = wrapper.application; includeInIndex = 0; path = iToDoist.app; sourceTree = BUILT_PRODUCTS_DIR; };
		EF312DA42A1E789E0043C6FA /* iToDoistApp.swift */ = {isa = PBXFileReference; lastKnownFileType = sourcecode.swift; path = iToDoistApp.swift; sourceTree = "<group>"; };
		EF312DA62A1E789E0043C6FA /* ContentView.swift */ = {isa = PBXFileReference; lastKnownFileType = sourcecode.swift; path = ContentView.swift; sourceTree = "<group>"; };
		EF312DA82A1E789F0043C6FA /* Assets.xcassets */ = {isa = PBXFileReference; lastKnownFileType = folder.assetcatalog; path = Assets.xcassets; sourceTree = "<group>"; };
		EF312DAB2A1E789F0043C6FA /* Preview Assets.xcassets */ = {isa = PBXFileReference; lastKnownFileType = folder.assetcatalog; path = "Preview Assets.xcassets"; sourceTree = "<group>"; };
		EF312DAD2A1E789F0043C6FA /* Persistence.swift */ = {isa = PBXFileReference; lastKnownFileType = sourcecode.swift; path = Persistence.swift; sourceTree = "<group>"; };
		EF312DB02A1E789F0043C6FA /* iToDoist.xcdatamodel */ = {isa = PBXFileReference; lastKnownFileType = wrapper.xcdatamodel; path = iToDoist.xcdatamodel; sourceTree = "<group>"; };
		EF312DB72A1E78D30043C6FA /* ToDoListItem.swift */ = {isa = PBXFileReference; fileEncoding = 4; lastKnownFileType = sourcecode.swift; name = ToDoListItem.swift; path = ../iTodolist/ToDoListItem.swift; sourceTree = "<group>"; };
/* End PBXFileReference section */

/* Begin PBXFrameworksBuildPhase section */
		EF312D9E2A1E789E0043C6FA /* Frameworks */ = {
			isa = PBXFrameworksBuildPhase;
			buildActionMask = 2147483647;
			files = (
			);
			runOnlyForDeploymentPostprocessing = 0;
		};
/* End PBXFrameworksBuildPhase section */

/* Begin PBXGroup section */
		EF312D982A1E789E0043C6FA = {
			isa = PBXGroup;
			children = (
				EF312DB72A1E78D30043C6FA /* ToDoListItem.swift */,
				EF312DA32A1E789E0043C6FA /* iToDoist */,
				EF312DA22A1E789E0043C6FA /* Products */,
			);
			sourceTree = "<group>";
		};
		EF312DA22A1E789E0043C6FA /* Products */ = {
			isa = PBXGroup;
			children = (
				EF312DA12A1E789E0043C6FA /* iToDoist.app */,
			);
			name = Products;
			sourceTree = "<group>";
		};
		EF312DA32A1E789E0043C6FA /* iToDoist */ = {
			isa = PBXGroup;
			children = (
				EF312DA42A1E789E0043C6FA /* iToDoistApp.swift */,
				EF312DA62A1E789E0043C6FA /* ContentView.swift */,
				EF312DA82A1E789F0043C6FA /* Assets.xcassets */,
				EF312DAD2A1E789F0043C6FA /* Persistence.swift */,
				EF312DAF2A1E789F0043C6FA /* iToDoist.xcdatamodeld */,
				EF312DAA2A1E789F0043C6FA /* Preview Content */,
			);
			path = iToDoist;
			sourceTree = "<group>";
		};
		EF312DAA2A1E789F0043C6FA /* Preview Content */ = {
			isa = PBXGroup;
			children = (
				EF312DAB2A1E789F0043C6FA /* Preview Assets.xcassets */,
			);
			path = "Preview Content";
			sourceTree = "<group>";
		};
/* End PBXGroup section */

/* Begin PBXNativeTarget section */
		EF312DA02A1E789E0043C6FA /* iToDoist */ = {
			isa = PBXNativeTarget;
			buildConfigurationList = EF312DB42A1E789F0043C6FA /* Build configuration list for PBXNativeTarget "iToDoist" */;
			buildPhases = (
				EF312D9D2A1E789E0043C6FA /* Sources */,
				EF312D9E2A1E789E0043C6FA /* Frameworks */,
				EF312D9F2A1E789E0043C6FA /* Resources */,
			);
			buildRules = (
			);
			dependencies = (
			);
			name = iToDoist;
			productName = iToDoist;
			productReference = EF312DA12A1E789E0043C6FA /* iToDoist.app */;
			productType = "com.apple.product-type.application";
		};
/* End PBXNativeTarget section */

/* Begin PBXProject section */
		EF312D992A1E789E0043C6FA /* Project object */ = {
			isa = PBXProject;
			attributes = {
				BuildIndependentTargetsInParallel = 1;
				LastSwiftUpdateCheck = 1430;
				LastUpgradeCheck = 1430;
				TargetAttributes = {
					EF312DA02A1E789E0043C6FA = {
						CreatedOnToolsVersion = 14.3;
					};
				};
			};
			buildConfigurationList = EF312D9C2A1E789E0043C6FA /* Build configuration list for PBXProject "iToDoist" */;
			compatibilityVersion = "Xcode 14.0";
			developmentRegion = en;
			hasScannedForEncodings = 0;
			knownRegions = (
				en,
				Base,
			);
			mainGroup = EF312D982A1E789E0043C6FA;
			productRefGroup = EF312DA22A1E789E0043C6FA /* Products */;
			projectDirPath = "";
			projectRoot = "";
			targets = (
				EF312DA02A1E789E0043C6FA /* iToDoist */,
			);
		};
/* End PBXProject section */

/* Begin PBXResourcesBuildPhase section */
		EF312D9F2A1E789E0043C6FA /* Resources */ = {
			isa = PBXResourcesBuildPhase;
			buildActionMask = 2147483647;
			files = (
				EF312DAC2A1E789F0043C6FA /* Preview Assets.xcassets in Resources */,
				EF312DA92A1E789F0043C6FA /* Assets.xcassets in Resources */,
			);
			runOnlyForDeploymentPostprocessing = 0;
		};
/* End PBXResourcesBuildPhase section */

/* Begin PBXSourcesBuildPhase section */
		EF312D9D2A1E789E0043C6FA /* Sources */ = {
			isa = PBXSourcesBuildPhase;
			buildActionMask = 2147483647;
			files = (
				EF312DB12A1E789F0043C6FA /* iToDoist.xcdatamodeld in Sources */,
				EF312DAE2A1E789F0043C6FA /* Persistence.swift in Sources */,
				EF312DA72A1E789E0043C6FA /* ContentView.swift in Sources */,
				EF312DB82A1E78D30043C6FA /* ToDoListItem.swift in Sources */,
				EF312DA52A1E789E0043C6FA /* iToDoistApp.swift in Sources */,
			);
			runOnlyForDeploymentPostprocessing = 0;
		};
/* End PBXSourcesBuildPhase section */

/* Begin XCBuildConfiguration section */
		EF312DB22A1E789F0043C6FA /* Debug */ = {
			isa = XCBuildConfiguration;
			buildSettings = {
				ALWAYS_SEARCH_USER_PATHS = NO;
				CLANG_ANALYZER_NONNULL = YES;
				CLANG_ANALYZER_NUMBER_OBJECT_CONVERSION = YES_AGGRESSIVE;
				CLANG_CXX_LANGUAGE_STANDARD = "gnu++20";
				CLANG_ENABLE_MODULES = YES;
				CLANG_ENABLE_OBJC_ARC = YES;
				CLANG_ENABLE_OBJC_WEAK = YES;
				CLANG_WARN_BLOCK_CAPTURE_AUTORELEASING = YES;
				CLANG_WARN_BOOL_CONVERSION = YES;
				CLANG_WARN_COMMA = YES;
				CLANG_WARN_CONSTANT_CONVERSION = YES;
				CLANG_WARN_DEPRECATED_OBJC_IMPLEMENTATIONS = YES;
				CLANG_WARN_DIRECT_OBJC_ISA_USAGE = YES_ERROR;
				CLANG_WARN_DOCUMENTATION_COMMENTS = YES;
				CLANG_WARN_EMPTY_BODY = YES;
				CLANG_WARN_ENUM_CONVERSION = YES;
				CLANG_WARN_INFINITE_RECURSION = YES;
				CLANG_WARN_INT_CONVERSION = YES;
				CLANG_WARN_NON_LITERAL_NULL_CONVERSION = YES;
				CLANG_WARN_OBJC_IMPLICIT_RETAIN_SELF = YES;
				CLANG_WARN_OBJC_LITERAL_CONVERSION = YES;
				CLANG_WARN_OBJC_ROOT_CLASS = YES_ERROR;
				CLANG_WARN_QUOTED_INCLUDE_IN_FRAMEWORK_HEADER = YES;
				CLANG_WARN_RANGE_LOOP_ANALYSIS = YES;
				CLANG_WARN_STRICT_PROTOTYPES = YES;
				CLANG_WARN_SUSPICIOUS_MOVE = YES;
				CLANG_WARN_UNGUARDED_AVAILABILITY = YES_AGGRESSIVE;
				CLANG_WARN_UNREACHABLE_CODE = YES;
				CLANG_WARN__DUPLICATE_METHOD_MATCH = YES;
				COPY_PHASE_STRIP = NO;
				DEBUG_INFORMATION_FORMAT = dwarf;
				ENABLE_STRICT_OBJC_MSGSEND = YES;
				ENABLE_TESTABILITY = YES;
				GCC_C_LANGUAGE_STANDARD = gnu11;
				GCC_DYNAMIC_NO_PIC = NO;
				GCC_NO_COMMON_BLOCKS = YES;
				GCC_OPTIMIZATION_LEVEL = 0;
				GCC_PREPROCESSOR_DEFINITIONS = (
					"DEBUG=1",
					"$(inherited)",
				);
				GCC_WARN_64_TO_32_BIT_CONVERSION = YES;
				GCC_WARN_ABOUT_RETURN_TYPE = YES_ERROR;
				GCC_WARN_UNDECLARED_SELECTOR = YES;
				GCC_WARN_UNINITIALIZED_AUTOS = YES_AGGRESSIVE;
				GCC_WARN_UNUSED_FUNCTION = YES;
				GCC_WARN_UNUSED_VARIABLE = YES;
				IPHONEOS_DEPLOYMENT_TARGET = 16.4;
				MTL_ENABLE_DEBUG_INFO = INCLUDE_SOURCE;
				MTL_FAST_MATH = YES;
				ONLY_ACTIVE_ARCH = YES;
				SDKROOT = iphoneos;
				SWIFT_ACTIVE_COMPILATION_CONDITIONS = DEBUG;
				SWIFT_OPTIMIZATION_LEVEL = "-Onone";
			};
			name = Debug;
		};
		EF312DB32A1E789F0043C6FA /* Release */ = {
			isa = XCBuildConfiguration;
			buildSettings = {
				ALWAYS_SEARCH_USER_PATHS = NO;
				CLANG_ANALYZER_NONNULL = YES;
				CLANG_ANALYZER_NUMBER_OBJECT_CONVERSION = YES_AGGRESSIVE;
				CLANG_CXX_LANGUAGE_STANDARD = "gnu++20";
				CLANG_ENABLE_MODULES = YES;
				CLANG_ENABLE_OBJC_ARC = YES;
				CLANG_ENABLE_OBJC_WEAK = YES;
				CLANG_WARN_BLOCK_CAPTURE_AUTORELEASING = YES;
				CLANG_WARN_BOOL_CONVERSION = YES;
				CLANG_WARN_COMMA = YES;
				CLANG_WARN_CONSTANT_CONVERSION = YES;
				CLANG_WARN_DEPRECATED_OBJC_IMPLEMENTATIONS = YES;
				CLANG_WARN_DIRECT_OBJC_ISA_USAGE = YES_ERROR;
				CLANG_WARN_DOCUMENTATION_COMMENTS = YES;
				CLANG_WARN_EMPTY_BODY = YES;
				CLANG_WARN_ENUM_CONVERSION = YES;
				CLANG_WARN_INFINITE_RECURSION = YES;
				CLANG_WARN_INT_CONVERSION = YES;
				CLANG_WARN_NON_LITERAL_NULL_CONVERSION = YES;
				CLANG_WARN_OBJC_IMPLICIT_RETAIN_SELF = YES;
				CLANG_WARN_OBJC_LITERAL_CONVERSION = YES;
				CLANG_WARN_OBJC_ROOT_CLASS = YES_ERROR;
				CLANG_WARN_QUOTED_INCLUDE_IN_FRAMEWORK_HEADER = YES;
				CLANG_WARN_RANGE_LOOP_ANALYSIS = YES;
				CLANG_WARN_STRICT_PROTOTYPES = YES;
				CLANG_WARN_SUSPICIOUS_MOVE = YES;
				CLANG_WARN_UNGUARDED_AVAILABILITY = YES_AGGRESSIVE;
				CLANG_WARN_UNREACHABLE_CODE = YES;
				CLANG_WARN__DUPLICATE_METHOD_MATCH = YES;
				COPY_PHASE_STRIP = NO;
				DEBUG_INFORMATION_FORMAT = "dwarf-with-dsym";
				ENABLE_NS_ASSERTIONS = NO;
				ENABLE_STRICT_OBJC_MSGSEND = YES;
				GCC_C_LANGUAGE_STANDARD = gnu11;
				GCC_NO_COMMON_BLOCKS = YES;
				GCC_WARN_64_TO_32_BIT_CONVERSION = YES;
				GCC_WARN_ABOUT_RETURN_TYPE = YES_ERROR;
				GCC_WARN_UNDECLARED_SELECTOR = YES;
				GCC_WARN_UNINITIALIZED_AUTOS = YES_AGGRESSIVE;
				GCC_WARN_UNUSED_FUNCTION = YES;
				GCC_WARN_UNUSED_VARIABLE = YES;
				IPHONEOS_DEPLOYMENT_TARGET = 16.4;
				MTL_ENABLE_DEBUG_INFO = NO;
				MTL_FAST_MATH = YES;
				SDKROOT = iphoneos;
				SWIFT_COMPILATION_MODE = wholemodule;
				SWIFT_OPTIMIZATION_LEVEL = "-O";
				VALIDATE_PRODUCT = YES;
			};
			name = Release;
		};
		EF312DB52A1E789F0043C6FA /* Debug */ = {
			isa = XCBuildConfiguration;
			buildSettings = {
				ASSETCATALOG_COMPILER_APPICON_NAME = AppIcon;
				ASSETCATALOG_COMPILER_GLOBAL_ACCENT_COLOR_NAME = AccentColor;
				CODE_SIGN_STYLE = Automatic;
				CURRENT_PROJECT_VERSION = 1;
				DEVELOPMENT_ASSET_PATHS = "\"iToDoist/Preview Content\"";
				DEVELOPMENT_TEAM = 922L4HAC7Y;
				ENABLE_PREVIEWS = YES;
				GENERATE_INFOPLIST_FILE = YES;
				INFOPLIST_KEY_UIApplicationSceneManifest_Generation = YES;
				INFOPLIST_KEY_UIApplicationSupportsIndirectInputEvents = YES;
				INFOPLIST_KEY_UILaunchScreen_Generation = YES;
				INFOPLIST_KEY_UISupportedInterfaceOrientations_iPad = "UIInterfaceOrientationPortrait UIInterfaceOrientationPortraitUpsideDown UIInterfaceOrientationLandscapeLeft UIInterfaceOrientationLandscapeRight";
				INFOPLIST_KEY_UISupportedInterfaceOrientations_iPhone = "UIInterfaceOrientationPortrait UIInterfaceOrientationLandscapeLeft UIInterfaceOrientationLandscapeRight";
				LD_RUNPATH_SEARCH_PATHS = (
					"$(inherited)",
					"@executable_path/Frameworks",
				);
				MARKETING_VERSION = 1.0;
				PRODUCT_BUNDLE_IDENTIFIER = com.workwithafridi.iToDoist;
				PRODUCT_NAME = "$(TARGET_NAME)";
				SWIFT_EMIT_LOC_STRINGS = YES;
				SWIFT_VERSION = 5.0;
				TARGETED_DEVICE_FAMILY = "1,2";
			};
			name = Debug;
		};
		EF312DB62A1E789F0043C6FA /* Release */ = {
			isa = XCBuildConfiguration;
			buildSettings = {
				ASSETCATALOG_COMPILER_APPICON_NAME = AppIcon;
				ASSETCATALOG_COMPILER_GLOBAL_ACCENT_COLOR_NAME = AccentColor;
				CODE_SIGN_STYLE = Automatic;
				CURRENT_PROJECT_VERSION = 1;
				DEVELOPMENT_ASSET_PATHS = "\"iToDoist/Preview Content\"";
				DEVELOPMENT_TEAM = 922L4HAC7Y;
				ENABLE_PREVIEWS = YES;
				GENERATE_INFOPLIST_FILE = YES;
				INFOPLIST_KEY_UIApplicationSceneManifest_Generation = YES;
				INFOPLIST_KEY_UIApplicationSupportsIndirectInputEvents = YES;
				INFOPLIST_KEY_UILaunchScreen_Generation = YES;
				INFOPLIST_KEY_UISupportedInterfaceOrientations_iPad = "UIInterfaceOrientationPortrait UIInterfaceOrientationPortraitUpsideDown UIInterfaceOrientationLandscapeLeft UIInterfaceOrientationLandscapeRight";
				INFOPLIST_KEY_UISupportedInterfaceOrientations_iPhone = "UIInterfaceOrientationPortrait UIInterfaceOrientationLandscapeLeft UIInterfaceOrientationLandscapeRight";
				LD_RUNPATH_SEARCH_PATHS = (
					"$(inherited)",
					"@executable_path/Frameworks",
				);
				MARKETING_VERSION = 1.0;
				PRODUCT_BUNDLE_IDENTIFIER = com.workwithafridi.iToDoist;
				PRODUCT_NAME = "$(TARGET_NAME)";
				SWIFT_EMIT_LOC_STRINGS = YES;
				SWIFT_VERSION = 5.0;
				TARGETED_DEVICE_FAMILY = "1,2";
			};
			name = Release;
		};
/* End XCBuildConfiguration section */

/* Begin XCConfigurationList section */
		EF312D9C2A1E789E0043C6FA /* Build configuration list for PBXProject "iToDoist" */ = {
			isa = XCConfigurationList;
			buildConfigurations = (
				EF312DB22A1E789F0043C6FA /* Debug */,
				EF312DB32A1E789F0043C6FA /* Release */,
			);
			defaultConfigurationIsVisible = 0;
			defaultConfigurationName = Release;
		};
		EF312DB42A1E789F0043C6FA /* Build configuration list for PBXNativeTarget "iToDoist" */ = {
			isa = XCConfigurationList;
			buildConfigurations = (
				EF312DB52A1E789F0043C6FA /* Debug */,
				EF312DB62A1E789F0043C6FA /* Release */,
			);
			defaultConfigurationIsVisible = 0;
			defaultConfigurationName = Release;
		};
/* End XCConfigurationList section */

/* Begin XCVersionGroup section */
		EF312DAF2A1E789F0043C6FA /* iToDoist.xcdatamodeld */ = {
			isa = XCVersionGroup;
			children = (
				EF312DB02A1E789F0043C6FA /* iToDoist.xcdatamodel */,
			);
			currentVersion = EF312DB02A1E789F0043C6FA /* iToDoist.xcdatamodel */;
			path = iToDoist.xcdatamodeld;
			sourceTree = "<group>";
			versionGroupType = wrapper.xcdatamodel;
		};
/* End XCVersionGroup section */
	};
	rootObject = EF312D992A1E789E0043C6FA /* Project object */;
}
